
Microsoft Visual Studio Solution File, Format Version 12.00
# Visual Studio 15
VisualStudioVersion = 15.0.28307.1022
MinimumVisualStudioVersion = 10.0.40219.1
Project("{FAE04EC0-301F-11D3-BF4B-00C04F79EFBC}") = "SystemBackend.Data", "SystemBackend.Data\SystemBackend.Data.csproj", "{6468DD2B-54D8-4D91-A513-6F32973B5465}"
EndProject
Project("{FAE04EC0-301F-11D3-BF4B-00C04F79EFBC}") = "SystemBackend.Entities", "SystemBackend.Entities\SystemBackend.Entities.csproj", "{FB17FA67-683F-4366-8584-791281402A3C}"
EndProject
Project("{FAE04EC0-301F-11D3-BF4B-00C04F79EFBC}") = "SystemBackend.Web", "SystemBackend.Web\SystemBackend.Web.csproj", "{2099ED23-425B-4B7E-9E32-D601DCC29240}"
EndProject
Global
	GlobalSection(SolutionConfigurationPlatforms) = preSolution
		Debug|Any CPU = Debug|Any CPU
		Release|Any CPU = Release|Any CPU
	EndGlobalSection
	GlobalSection(ProjectConfigurationPlatforms) = postSolution
		{6468DD2B-54D8-4D91-A513-6F32973B5465}.Debug|Any CPU.ActiveCfg = Debug|Any CPU
		{6468DD2B-54D8-4D91-A513-6F32973B5465}.Debug|Any CPU.Build.0 = Debug|Any CPU
		{6468DD2B-54D8-4D91-A513-6F32973B5465}.Release|Any CPU.ActiveCfg = Release|Any CPU
		{6468DD2B-54D8-4D91-A513-6F32973B5465}.Release|Any CPU.Build.0 = Release|Any CPU
		{FB17FA67-683F-4366-8584-791281402A3C}.Debug|Any CPU.ActiveCfg = Debug|Any CPU
		{FB17FA67-683F-4366-8584-791281402A3C}.Debug|Any CPU.Build.0 = Debug|Any CPU
		{FB17FA67-683F-4366-8584-791281402A3C}.Release|Any CPU.ActiveCfg = Release|Any CPU
		{FB17FA67-683F-4366-8584-791281402A3C}.Release|Any CPU.Build.0 = Release|Any CPU
		{2099ED23-425B-4B7E-9E32-D601DCC29240}.Debug|Any CPU.ActiveCfg = Debug|Any CPU
		{2099ED23-425B-4B7E-9E32-D601DCC29240}.Debug|Any CPU.Build.0 = Debug|Any CPU
		{2099ED23-425B-4B7E-9E32-D601DCC29240}.Release|Any CPU.ActiveCfg = Release|Any CPU
		{2099ED23-425B-4B7E-9E32-D601DCC29240}.Release|Any CPU.Build.0 = Release|Any CPU
	EndGlobalSection
	GlobalSection(SolutionProperties) = preSolution
		HideSolutionNode = FALSE
	EndGlobalSection
	GlobalSection(ExtensibilityGlobals) = postSolution
		SolutionGuid = {E8F4DAA5-8F62-4EE9-A835-EA375BD922A0}
	EndGlobalSection
EndGlobal
